// !$*UTF8*$!
{
	archiveVersion = 1;
	classes = {
	};
	objectVersion = 55;
	objects = {

/* Begin PBXBuildFile section */
		13F4048EA96BDC397A0D7E4F /* Pods_MoneyCount.framework in Frameworks */ = {isa = PBXBuildFile; fileRef = E9B61413AD1D371AFCF21E73 /* Pods_MoneyCount.framework */; };
		321CE50A2989222600C438CA /* AddExpenseVC.swift in Sources */ = {isa = PBXBuildFile; fileRef = 321CE5092989222600C438CA /* AddExpenseVC.swift */; };
		321CE50D2989285F00C438CA /* TitleExpenseCell.swift in Sources */ = {isa = PBXBuildFile; fileRef = 321CE50C2989285F00C438CA /* TitleExpenseCell.swift */; };
		321CE50F29892EDB00C438CA /* AmountExpenseCell.swift in Sources */ = {isa = PBXBuildFile; fileRef = 321CE50E29892EDB00C438CA /* AmountExpenseCell.swift */; };
		321CE5112989318E00C438CA /* DateExpenseCell.swift in Sources */ = {isa = PBXBuildFile; fileRef = 321CE5102989318E00C438CA /* DateExpenseCell.swift */; };
		321CE5132989328C00C438CA /* NamePaidCell.swift in Sources */ = {isa = PBXBuildFile; fileRef = 321CE5122989328C00C438CA /* NamePaidCell.swift */; };
		321CE5152989331300C438CA /* AddExpenseEntity.swift in Sources */ = {isa = PBXBuildFile; fileRef = 321CE5142989331300C438CA /* AddExpenseEntity.swift */; };
		32530EF6297D4F0700E1662A /* CustomCurrencyCell.swift in Sources */ = {isa = PBXBuildFile; fileRef = 32530EF5297D4F0700E1662A /* CustomCurrencyCell.swift */; };
		32530EF8297D5BF500E1662A /* CurrencyModel.swift in Sources */ = {isa = PBXBuildFile; fileRef = 32530EF7297D5BF500E1662A /* CurrencyModel.swift */; };
		326AB91B2976EF46005EB02D /* AppDelegate.swift in Sources */ = {isa = PBXBuildFile; fileRef = 326AB91A2976EF46005EB02D /* AppDelegate.swift */; };
		326AB91D2976EF46005EB02D /* SceneDelegate.swift in Sources */ = {isa = PBXBuildFile; fileRef = 326AB91C2976EF46005EB02D /* SceneDelegate.swift */; };
		326AB91F2976EF46005EB02D /* StartVC.swift in Sources */ = {isa = PBXBuildFile; fileRef = 326AB91E2976EF46005EB02D /* StartVC.swift */; };
		326AB9242976EF48005EB02D /* Assets.xcassets in Resources */ = {isa = PBXBuildFile; fileRef = 326AB9232976EF48005EB02D /* Assets.xcassets */; };
		326AB9272976EF48005EB02D /* LaunchScreen.storyboard in Resources */ = {isa = PBXBuildFile; fileRef = 326AB9252976EF48005EB02D /* LaunchScreen.storyboard */; };
		32737DF82987F72A00819369 /* ExpensesVC.swift in Sources */ = {isa = PBXBuildFile; fileRef = 32737DF72987F72A00819369 /* ExpensesVC.swift */; };
		32737DFC29881CEE00819369 /* ExpensesCell.swift in Sources */ = {isa = PBXBuildFile; fileRef = 32737DFB29881CEE00819369 /* ExpensesCell.swift */; };
		32748CA229830EEB002CCCB3 /* MainMoneyCountVC.swift in Sources */ = {isa = PBXBuildFile; fileRef = 32748CA129830EEB002CCCB3 /* MainMoneyCountVC.swift */; };
		327DD5E129910E83009FA313 /* CardExpense.swift in Sources */ = {isa = PBXBuildFile; fileRef = 327DD5E029910E83009FA313 /* CardExpense.swift */; };
		327DD5E329910E94009FA313 /* CardExpenseCell.swift in Sources */ = {isa = PBXBuildFile; fileRef = 327DD5E229910E94009FA313 /* CardExpenseCell.swift */; };
		327DD5E529913871009FA313 /* CustomHeader.swift in Sources */ = {isa = PBXBuildFile; fileRef = 327DD5E429913871009FA313 /* CustomHeader.swift */; };
		3287BE6E297A93B1001D3920 /* CustomMoneyCountCell.swift in Sources */ = {isa = PBXBuildFile; fileRef = 3287BE6D297A93B1001D3920 /* CustomMoneyCountCell.swift */; };
		32AAD137299E247B003106F5 /* GoogleService-Info.plist in Resources */ = {isa = PBXBuildFile; fileRef = 32AAD136299E247B003106F5 /* GoogleService-Info.plist */; };
		32AAD13A299E47E3003106F5 /* FireBaseService.swift in Sources */ = {isa = PBXBuildFile; fileRef = 32AAD139299E47E3003106F5 /* FireBaseService.swift */; };
		32AAD13D299E505F003106F5 /* MoneyCountModel.swift in Sources */ = {isa = PBXBuildFile; fileRef = 32AAD13C299E505F003106F5 /* MoneyCountModel.swift */; };
		32C16FBC2996429C00B4EBBE /* PresentationVC.swift in Sources */ = {isa = PBXBuildFile; fileRef = 32C16FBB2996429C00B4EBBE /* PresentationVC.swift */; };
		32C16FBF29967DC600B4EBBE /* PresentationCell.swift in Sources */ = {isa = PBXBuildFile; fileRef = 32C16FBE29967DC600B4EBBE /* PresentationCell.swift */; };
		32C16FC129968E6E00B4EBBE /* PresentationModel.swift in Sources */ = {isa = PBXBuildFile; fileRef = 32C16FC029968E6E00B4EBBE /* PresentationModel.swift */; };
		32D45F0A298A8A1100AD6756 /* BalancesVC.swift in Sources */ = {isa = PBXBuildFile; fileRef = 32D45F09298A8A1100AD6756 /* BalancesVC.swift */; };
		32D45F0D298A9D4F00AD6756 /* BalacesCell.swift in Sources */ = {isa = PBXBuildFile; fileRef = 32D45F0C298A9D4F00AD6756 /* BalacesCell.swift */; };
		32DBBB64297C632200ECC129 /* SelectCurrencyViewController.swift in Sources */ = {isa = PBXBuildFile; fileRef = 32DBBB63297C632200ECC129 /* SelectCurrencyViewController.swift */; };
		32E0B211297E8D2800EA5A9D /* CreateCountVC.swift in Sources */ = {isa = PBXBuildFile; fileRef = 32E0B210297E8D2800EA5A9D /* CreateCountVC.swift */; };
		32E0B213297E9B5C00EA5A9D /* SelectCurrencyCell.swift in Sources */ = {isa = PBXBuildFile; fileRef = 32E0B212297E9B5C00EA5A9D /* SelectCurrencyCell.swift */; };
		32E0B216297ECA3000EA5A9D /* TextFieldCell.swift in Sources */ = {isa = PBXBuildFile; fileRef = 32E0B215297ECA3000EA5A9D /* TextFieldCell.swift */; };
		32E0B2182980562400EA5A9D /* CreateMoneyCountEntity.swift in Sources */ = {isa = PBXBuildFile; fileRef = 32E0B2172980562400EA5A9D /* CreateMoneyCountEntity.swift */; };
		32F8F882298144490043AED3 /* AddNamesCell.swift in Sources */ = {isa = PBXBuildFile; fileRef = 32F8F881298144490043AED3 /* AddNamesCell.swift */; };
		32F8F884298196940043AED3 /* NamesCell.swift in Sources */ = {isa = PBXBuildFile; fileRef = 32F8F883298196940043AED3 /* NamesCell.swift */; };
/* End PBXBuildFile section */

/* Begin PBXFileReference section */
		321CE5092989222600C438CA /* AddExpenseVC.swift */ = {isa = PBXFileReference; lastKnownFileType = sourcecode.swift; path = AddExpenseVC.swift; sourceTree = "<group>"; };
		321CE50C2989285F00C438CA /* TitleExpenseCell.swift */ = {isa = PBXFileReference; lastKnownFileType = sourcecode.swift; path = TitleExpenseCell.swift; sourceTree = "<group>"; };
		321CE50E29892EDB00C438CA /* AmountExpenseCell.swift */ = {isa = PBXFileReference; lastKnownFileType = sourcecode.swift; path = AmountExpenseCell.swift; sourceTree = "<group>"; };
		321CE5102989318E00C438CA /* DateExpenseCell.swift */ = {isa = PBXFileReference; lastKnownFileType = sourcecode.swift; path = DateExpenseCell.swift; sourceTree = "<group>"; };
		321CE5122989328C00C438CA /* NamePaidCell.swift */ = {isa = PBXFileReference; lastKnownFileType = sourcecode.swift; path = NamePaidCell.swift; sourceTree = "<group>"; };
		321CE5142989331300C438CA /* AddExpenseEntity.swift */ = {isa = PBXFileReference; lastKnownFileType = sourcecode.swift; path = AddExpenseEntity.swift; sourceTree = "<group>"; };
		32530EF5297D4F0700E1662A /* CustomCurrencyCell.swift */ = {isa = PBXFileReference; lastKnownFileType = sourcecode.swift; path = CustomCurrencyCell.swift; sourceTree = "<group>"; };
		32530EF7297D5BF500E1662A /* CurrencyModel.swift */ = {isa = PBXFileReference; lastKnownFileType = sourcecode.swift; path = CurrencyModel.swift; sourceTree = "<group>"; };
		326AB9172976EF46005EB02D /* MoneyCount.app */ = {isa = PBXFileReference; explicitFileType = wrapper.application; includeInIndex = 0; path = MoneyCount.app; sourceTree = BUILT_PRODUCTS_DIR; };
		326AB91A2976EF46005EB02D /* AppDelegate.swift */ = {isa = PBXFileReference; lastKnownFileType = sourcecode.swift; path = AppDelegate.swift; sourceTree = "<group>"; };
		326AB91C2976EF46005EB02D /* SceneDelegate.swift */ = {isa = PBXFileReference; lastKnownFileType = sourcecode.swift; path = SceneDelegate.swift; sourceTree = "<group>"; };
		326AB91E2976EF46005EB02D /* StartVC.swift */ = {isa = PBXFileReference; lastKnownFileType = sourcecode.swift; path = StartVC.swift; sourceTree = "<group>"; };
		326AB9232976EF48005EB02D /* Assets.xcassets */ = {isa = PBXFileReference; lastKnownFileType = folder.assetcatalog; path = Assets.xcassets; sourceTree = "<group>"; };
		326AB9262976EF48005EB02D /* Base */ = {isa = PBXFileReference; lastKnownFileType = file.storyboard; name = Base; path = Base.lproj/LaunchScreen.storyboard; sourceTree = "<group>"; };
		326AB9282976EF48005EB02D /* Info.plist */ = {isa = PBXFileReference; lastKnownFileType = text.plist.xml; path = Info.plist; sourceTree = "<group>"; };
		32737DF72987F72A00819369 /* ExpensesVC.swift */ = {isa = PBXFileReference; lastKnownFileType = sourcecode.swift; path = ExpensesVC.swift; sourceTree = "<group>"; };
		32737DFB29881CEE00819369 /* ExpensesCell.swift */ = {isa = PBXFileReference; lastKnownFileType = sourcecode.swift; path = ExpensesCell.swift; sourceTree = "<group>"; };
		32748CA129830EEB002CCCB3 /* MainMoneyCountVC.swift */ = {isa = PBXFileReference; lastKnownFileType = sourcecode.swift; path = MainMoneyCountVC.swift; sourceTree = "<group>"; };
		327DD5E029910E83009FA313 /* CardExpense.swift */ = {isa = PBXFileReference; lastKnownFileType = sourcecode.swift; path = CardExpense.swift; sourceTree = "<group>"; };
		327DD5E229910E94009FA313 /* CardExpenseCell.swift */ = {isa = PBXFileReference; lastKnownFileType = sourcecode.swift; path = CardExpenseCell.swift; sourceTree = "<group>"; };
		327DD5E429913871009FA313 /* CustomHeader.swift */ = {isa = PBXFileReference; lastKnownFileType = sourcecode.swift; path = CustomHeader.swift; sourceTree = "<group>"; };
		3287BE6D297A93B1001D3920 /* CustomMoneyCountCell.swift */ = {isa = PBXFileReference; lastKnownFileType = sourcecode.swift; path = CustomMoneyCountCell.swift; sourceTree = "<group>"; };
		32AAD136299E247B003106F5 /* GoogleService-Info.plist */ = {isa = PBXFileReference; fileEncoding = 4; lastKnownFileType = text.plist.xml; path = "GoogleService-Info.plist"; sourceTree = "<group>"; };
		32AAD139299E47E3003106F5 /* FireBaseService.swift */ = {isa = PBXFileReference; lastKnownFileType = sourcecode.swift; path = FireBaseService.swift; sourceTree = "<group>"; };
		32AAD13C299E505F003106F5 /* MoneyCountModel.swift */ = {isa = PBXFileReference; lastKnownFileType = sourcecode.swift; path = MoneyCountModel.swift; sourceTree = "<group>"; };
		32C16FBB2996429C00B4EBBE /* PresentationVC.swift */ = {isa = PBXFileReference; lastKnownFileType = sourcecode.swift; path = PresentationVC.swift; sourceTree = "<group>"; };
		32C16FBE29967DC600B4EBBE /* PresentationCell.swift */ = {isa = PBXFileReference; lastKnownFileType = sourcecode.swift; path = PresentationCell.swift; sourceTree = "<group>"; };
		32C16FC029968E6E00B4EBBE /* PresentationModel.swift */ = {isa = PBXFileReference; lastKnownFileType = sourcecode.swift; path = PresentationModel.swift; sourceTree = "<group>"; };
		32D45F09298A8A1100AD6756 /* BalancesVC.swift */ = {isa = PBXFileReference; lastKnownFileType = sourcecode.swift; path = BalancesVC.swift; sourceTree = "<group>"; };
		32D45F0C298A9D4F00AD6756 /* BalacesCell.swift */ = {isa = PBXFileReference; lastKnownFileType = sourcecode.swift; path = BalacesCell.swift; sourceTree = "<group>"; };
		32DBBB63297C632200ECC129 /* SelectCurrencyViewController.swift */ = {isa = PBXFileReference; lastKnownFileType = sourcecode.swift; path = SelectCurrencyViewController.swift; sourceTree = "<group>"; };
		32E0B210297E8D2800EA5A9D /* CreateCountVC.swift */ = {isa = PBXFileReference; lastKnownFileType = sourcecode.swift; path = CreateCountVC.swift; sourceTree = "<group>"; };
		32E0B212297E9B5C00EA5A9D /* SelectCurrencyCell.swift */ = {isa = PBXFileReference; lastKnownFileType = sourcecode.swift; path = SelectCurrencyCell.swift; sourceTree = "<group>"; };
		32E0B215297ECA3000EA5A9D /* TextFieldCell.swift */ = {isa = PBXFileReference; lastKnownFileType = sourcecode.swift; path = TextFieldCell.swift; sourceTree = "<group>"; };
		32E0B2172980562400EA5A9D /* CreateMoneyCountEntity.swift */ = {isa = PBXFileReference; lastKnownFileType = sourcecode.swift; path = CreateMoneyCountEntity.swift; sourceTree = "<group>"; };
		32F8F881298144490043AED3 /* AddNamesCell.swift */ = {isa = PBXFileReference; lastKnownFileType = sourcecode.swift; path = AddNamesCell.swift; sourceTree = "<group>"; };
		32F8F883298196940043AED3 /* NamesCell.swift */ = {isa = PBXFileReference; lastKnownFileType = sourcecode.swift; path = NamesCell.swift; sourceTree = "<group>"; };
		7EBCBFD172C6F682AE7A5777 /* Pods-MoneyCount.debug.xcconfig */ = {isa = PBXFileReference; includeInIndex = 1; lastKnownFileType = text.xcconfig; name = "Pods-MoneyCount.debug.xcconfig"; path = "Target Support Files/Pods-MoneyCount/Pods-MoneyCount.debug.xcconfig"; sourceTree = "<group>"; };
		DF64B6F420D590325C77F157 /* Pods-MoneyCount.release.xcconfig */ = {isa = PBXFileReference; includeInIndex = 1; lastKnownFileType = text.xcconfig; name = "Pods-MoneyCount.release.xcconfig"; path = "Target Support Files/Pods-MoneyCount/Pods-MoneyCount.release.xcconfig"; sourceTree = "<group>"; };
		E9B61413AD1D371AFCF21E73 /* Pods_MoneyCount.framework */ = {isa = PBXFileReference; explicitFileType = wrapper.framework; includeInIndex = 0; path = Pods_MoneyCount.framework; sourceTree = BUILT_PRODUCTS_DIR; };
/* End PBXFileReference section */

/* Begin PBXFrameworksBuildPhase section */
		326AB9142976EF46005EB02D /* Frameworks */ = {
			isa = PBXFrameworksBuildPhase;
			buildActionMask = 2147483647;
			files = (
				13F4048EA96BDC397A0D7E4F /* Pods_MoneyCount.framework in Frameworks */,
			);
			runOnlyForDeploymentPostprocessing = 0;
		};
/* End PBXFrameworksBuildPhase section */

/* Begin PBXGroup section */
		321CE507298921F300C438CA /* AddExpensModule */ = {
			isa = PBXGroup;
			children = (
				321CE5142989331300C438CA /* AddExpenseEntity.swift */,
				321CE5082989220F00C438CA /* View */,
				321CE50B2989264F00C438CA /* Cell */,
			);
			path = AddExpensModule;
			sourceTree = "<group>";
		};
		321CE5082989220F00C438CA /* View */ = {
			isa = PBXGroup;
			children = (
				321CE5092989222600C438CA /* AddExpenseVC.swift */,
			);
			path = View;
			sourceTree = "<group>";
		};
		321CE50B2989264F00C438CA /* Cell */ = {
			isa = PBXGroup;
			children = (
				321CE50C2989285F00C438CA /* TitleExpenseCell.swift */,
				321CE50E29892EDB00C438CA /* AmountExpenseCell.swift */,
				321CE5102989318E00C438CA /* DateExpenseCell.swift */,
				321CE5122989328C00C438CA /* NamePaidCell.swift */,
			);
			path = Cell;
			sourceTree = "<group>";
		};
		32530EF9297D5E7100E1662A /* StartModule */ = {
			isa = PBXGroup;
			children = (
				32530EFC297D5ED600E1662A /* View */,
			);
			path = StartModule;
			sourceTree = "<group>";
		};
		32530EFC297D5ED600E1662A /* View */ = {
			isa = PBXGroup;
			children = (
				326AB91E2976EF46005EB02D /* StartVC.swift */,
				32530EFD297D5F0C00E1662A /* Cell */,
			);
			path = View;
			sourceTree = "<group>";
		};
		32530EFD297D5F0C00E1662A /* Cell */ = {
			isa = PBXGroup;
			children = (
				3287BE6D297A93B1001D3920 /* CustomMoneyCountCell.swift */,
			);
			path = Cell;
			sourceTree = "<group>";
		};
		32530EFE297D5F3C00E1662A /* CreateMoneyCountModule */ = {
			isa = PBXGroup;
			children = (
				32AAD13B299E504B003106F5 /* Model */,
				32F075B52997C34C002B4778 /* Entity */,
				32530EFF297D5F5E00E1662A /* View */,
				32E0B214297E9B6600EA5A9D /* Cell */,
			);
			path = CreateMoneyCountModule;
			sourceTree = "<group>";
		};
		32530EFF297D5F5E00E1662A /* View */ = {
			isa = PBXGroup;
			children = (
				32E0B210297E8D2800EA5A9D /* CreateCountVC.swift */,
			);
			path = View;
			sourceTree = "<group>";
		};
		32530F00297D5F8F00E1662A /* SelectCurrncyModule */ = {
			isa = PBXGroup;
			children = (
				32530F03297D5FCB00E1662A /* Model */,
				32530F01297D5FA300E1662A /* View */,
			);
			path = SelectCurrncyModule;
			sourceTree = "<group>";
		};
		32530F01297D5FA300E1662A /* View */ = {
			isa = PBXGroup;
			children = (
				32DBBB63297C632200ECC129 /* SelectCurrencyViewController.swift */,
				32530F02297D5FAA00E1662A /* Cell */,
			);
			path = View;
			sourceTree = "<group>";
		};
		32530F02297D5FAA00E1662A /* Cell */ = {
			isa = PBXGroup;
			children = (
				32530EF5297D4F0700E1662A /* CustomCurrencyCell.swift */,
			);
			path = Cell;
			sourceTree = "<group>";
		};
		32530F03297D5FCB00E1662A /* Model */ = {
			isa = PBXGroup;
			children = (
				32530EF7297D5BF500E1662A /* CurrencyModel.swift */,
			);
			path = Model;
			sourceTree = "<group>";
		};
		32530F04297D601000E1662A /* Modules */ = {
			isa = PBXGroup;
			children = (
				32C16FB92996423D00B4EBBE /* PresentModule */,
				32530EF9297D5E7100E1662A /* StartModule */,
				32530EFE297D5F3C00E1662A /* CreateMoneyCountModule */,
				32530F00297D5F8F00E1662A /* SelectCurrncyModule */,
				32748C9F29830E22002CCCB3 /* MainMoneyCountModule */,
				32737DF52987F6E200819369 /* ExpensesModule */,
				327DD5DD29910E03009FA313 /* CardExpense */,
				321CE507298921F300C438CA /* AddExpensModule */,
				32D45F07298A899700AD6756 /* BalancesModule */,
			);
			path = Modules;
			sourceTree = "<group>";
		};
		32530F05297D603F00E1662A /* Resoures */ = {
			isa = PBXGroup;
			children = (
				326AB9232976EF48005EB02D /* Assets.xcassets */,
			);
			path = Resoures;
			sourceTree = "<group>";
		};
		32530F06297D605500E1662A /* Core */ = {
			isa = PBXGroup;
			children = (
				326AB91A2976EF46005EB02D /* AppDelegate.swift */,
				326AB91C2976EF46005EB02D /* SceneDelegate.swift */,
			);
			path = Core;
			sourceTree = "<group>";
		};
		326AB90E2976EF46005EB02D = {
			isa = PBXGroup;
			children = (
				326AB9192976EF46005EB02D /* MoneyCount */,
				32AAD136299E247B003106F5 /* GoogleService-Info.plist */,
				326AB9182976EF46005EB02D /* Products */,
				8D0669E5273CB465163B54CB /* Pods */,
				B0428A17E8E70425BF9AA058 /* Frameworks */,
			);
			sourceTree = "<group>";
		};
		326AB9182976EF46005EB02D /* Products */ = {
			isa = PBXGroup;
			children = (
				326AB9172976EF46005EB02D /* MoneyCount.app */,
			);
			name = Products;
			sourceTree = "<group>";
		};
		326AB9192976EF46005EB02D /* MoneyCount */ = {
			isa = PBXGroup;
			children = (
				32530F06297D605500E1662A /* Core */,
				32AAD138299E4777003106F5 /* Services */,
				32530F04297D601000E1662A /* Modules */,
				32530F05297D603F00E1662A /* Resoures */,
				326AB9252976EF48005EB02D /* LaunchScreen.storyboard */,
				326AB9282976EF48005EB02D /* Info.plist */,
			);
			path = MoneyCount;
			sourceTree = "<group>";
		};
		32737DF52987F6E200819369 /* ExpensesModule */ = {
			isa = PBXGroup;
			children = (
				32737DF62987F71100819369 /* View */,
				32737DFA29881CBF00819369 /* Cell */,
			);
			path = ExpensesModule;
			sourceTree = "<group>";
		};
		32737DF62987F71100819369 /* View */ = {
			isa = PBXGroup;
			children = (
				32737DF72987F72A00819369 /* ExpensesVC.swift */,
			);
			path = View;
			sourceTree = "<group>";
		};
		32737DFA29881CBF00819369 /* Cell */ = {
			isa = PBXGroup;
			children = (
				32737DFB29881CEE00819369 /* ExpensesCell.swift */,
			);
			path = Cell;
			sourceTree = "<group>";
		};
		32748C9F29830E22002CCCB3 /* MainMoneyCountModule */ = {
			isa = PBXGroup;
			children = (
				32748CA029830ED1002CCCB3 /* View */,
			);
			name = MainMoneyCountModule;
			path = ../MainMoneyCountModule;
			sourceTree = "<group>";
		};
		32748CA029830ED1002CCCB3 /* View */ = {
			isa = PBXGroup;
			children = (
				32748CA129830EEB002CCCB3 /* MainMoneyCountVC.swift */,
			);
			path = View;
			sourceTree = "<group>";
		};
		327DD5DD29910E03009FA313 /* CardExpense */ = {
			isa = PBXGroup;
			children = (
				327DD5DE29910E3E009FA313 /* View */,
				327DD5DF29910E53009FA313 /* Cell */,
			);
			path = CardExpense;
			sourceTree = "<group>";
		};
		327DD5DE29910E3E009FA313 /* View */ = {
			isa = PBXGroup;
			children = (
				327DD5E029910E83009FA313 /* CardExpense.swift */,
				327DD5E429913871009FA313 /* CustomHeader.swift */,
			);
			path = View;
			sourceTree = "<group>";
		};
		327DD5DF29910E53009FA313 /* Cell */ = {
			isa = PBXGroup;
			children = (
				327DD5E229910E94009FA313 /* CardExpenseCell.swift */,
			);
			path = Cell;
			sourceTree = "<group>";
		};
		32AAD138299E4777003106F5 /* Services */ = {
			isa = PBXGroup;
			children = (
				32AAD139299E47E3003106F5 /* FireBaseService.swift */,
			);
			path = Services;
			sourceTree = "<group>";
		};
		32AAD13B299E504B003106F5 /* Model */ = {
			isa = PBXGroup;
			children = (
				32AAD13C299E505F003106F5 /* MoneyCountModel.swift */,
			);
			path = Model;
			sourceTree = "<group>";
		};
		32C16FB92996423D00B4EBBE /* PresentModule */ = {
			isa = PBXGroup;
			children = (
				32C16FC2299698E100B4EBBE /* Model */,
				32C16FBA2996425000B4EBBE /* View */,
				32C16FBD29967DAC00B4EBBE /* Cell */,
			);
			path = PresentModule;
			sourceTree = "<group>";
		};
		32C16FBA2996425000B4EBBE /* View */ = {
			isa = PBXGroup;
			children = (
				32C16FBB2996429C00B4EBBE /* PresentationVC.swift */,
			);
			path = View;
			sourceTree = "<group>";
		};
		32C16FBD29967DAC00B4EBBE /* Cell */ = {
			isa = PBXGroup;
			children = (
				32C16FBE29967DC600B4EBBE /* PresentationCell.swift */,
			);
			path = Cell;
			sourceTree = "<group>";
		};
		32C16FC2299698E100B4EBBE /* Model */ = {
			isa = PBXGroup;
			children = (
				32C16FC029968E6E00B4EBBE /* PresentationModel.swift */,
			);
			path = Model;
			sourceTree = "<group>";
		};
		32D45F07298A899700AD6756 /* BalancesModule */ = {
			isa = PBXGroup;
			children = (
				32D45F08298A89B500AD6756 /* View */,
				32D45F0B298A9C9500AD6756 /* Cell */,
			);
			path = BalancesModule;
			sourceTree = "<group>";
		};
		32D45F08298A89B500AD6756 /* View */ = {
			isa = PBXGroup;
			children = (
				32D45F09298A8A1100AD6756 /* BalancesVC.swift */,
			);
			name = View;
			sourceTree = "<group>";
		};
		32D45F0B298A9C9500AD6756 /* Cell */ = {
			isa = PBXGroup;
			children = (
				32D45F0C298A9D4F00AD6756 /* BalacesCell.swift */,
			);
			path = Cell;
			sourceTree = "<group>";
		};
		32E0B214297E9B6600EA5A9D /* Cell */ = {
			isa = PBXGroup;
			children = (
				32E0B212297E9B5C00EA5A9D /* SelectCurrencyCell.swift */,
				32E0B215297ECA3000EA5A9D /* TextFieldCell.swift */,
				32F8F881298144490043AED3 /* AddNamesCell.swift */,
				32F8F883298196940043AED3 /* NamesCell.swift */,
			);
			path = Cell;
			sourceTree = "<group>";
		};
		32F075B52997C34C002B4778 /* Entity */ = {
			isa = PBXGroup;
			children = (
				32E0B2172980562400EA5A9D /* CreateMoneyCountEntity.swift */,
			);
			path = Entity;
			sourceTree = "<group>";
		};
		8D0669E5273CB465163B54CB /* Pods */ = {
			isa = PBXGroup;
			children = (
				7EBCBFD172C6F682AE7A5777 /* Pods-MoneyCount.debug.xcconfig */,
				DF64B6F420D590325C77F157 /* Pods-MoneyCount.release.xcconfig */,
			);
			path = Pods;
			sourceTree = "<group>";
		};
		B0428A17E8E70425BF9AA058 /* Frameworks */ = {
			isa = PBXGroup;
			children = (
				E9B61413AD1D371AFCF21E73 /* Pods_MoneyCount.framework */,
			);
			name = Frameworks;
			sourceTree = "<group>";
		};
/* End PBXGroup section */

/* Begin PBXNativeTarget section */
		326AB9162976EF46005EB02D /* MoneyCount */ = {
			isa = PBXNativeTarget;
			buildConfigurationList = 326AB92B2976EF48005EB02D /* Build configuration list for PBXNativeTarget "MoneyCount" */;
			buildPhases = (
				B45F841025E60A56E86409D8 /* [CP] Check Pods Manifest.lock */,
				326AB9132976EF46005EB02D /* Sources */,
				326AB9142976EF46005EB02D /* Frameworks */,
				326AB9152976EF46005EB02D /* Resources */,
				F1D9BD2BCE01B708CB2C1CAC /* [CP] Embed Pods Frameworks */,
			);
			buildRules = (
			);
			dependencies = (
			);
			name = MoneyCount;
			productName = MoneyCount;
			productReference = 326AB9172976EF46005EB02D /* MoneyCount.app */;
			productType = "com.apple.product-type.application";
		};
/* End PBXNativeTarget section */

/* Begin PBXProject section */
		326AB90F2976EF46005EB02D /* Project object */ = {
			isa = PBXProject;
			attributes = {
				BuildIndependentTargetsInParallel = 1;
				LastSwiftUpdateCheck = 1420;
				LastUpgradeCheck = 1420;
				TargetAttributes = {
					326AB9162976EF46005EB02D = {
						CreatedOnToolsVersion = 14.2;
					};
				};
			};
			buildConfigurationList = 326AB9122976EF46005EB02D /* Build configuration list for PBXProject "MoneyCount" */;
			compatibilityVersion = "Xcode 13.0";
			developmentRegion = en;
			hasScannedForEncodings = 0;
			knownRegions = (
				en,
				Base,
			);
			mainGroup = 326AB90E2976EF46005EB02D;
			productRefGroup = 326AB9182976EF46005EB02D /* Products */;
			projectDirPath = "";
			projectRoot = "";
			targets = (
				326AB9162976EF46005EB02D /* MoneyCount */,
			);
		};
/* End PBXProject section */

/* Begin PBXResourcesBuildPhase section */
		326AB9152976EF46005EB02D /* Resources */ = {
			isa = PBXResourcesBuildPhase;
			buildActionMask = 2147483647;
			files = (
				326AB9272976EF48005EB02D /* LaunchScreen.storyboard in Resources */,
				326AB9242976EF48005EB02D /* Assets.xcassets in Resources */,
				32AAD137299E247B003106F5 /* GoogleService-Info.plist in Resources */,
			);
			runOnlyForDeploymentPostprocessing = 0;
		};
/* End PBXResourcesBuildPhase section */

/* Begin PBXShellScriptBuildPhase section */
		B45F841025E60A56E86409D8 /* [CP] Check Pods Manifest.lock */ = {
			isa = PBXShellScriptBuildPhase;
			buildActionMask = 2147483647;
			files = (
			);
			inputFileListPaths = (
			);
			inputPaths = (
				"${PODS_PODFILE_DIR_PATH}/Podfile.lock",
				"${PODS_ROOT}/Manifest.lock",
			);
			name = "[CP] Check Pods Manifest.lock";
			outputFileListPaths = (
			);
			outputPaths = (
				"$(DERIVED_FILE_DIR)/Pods-MoneyCount-checkManifestLockResult.txt",
			);
			runOnlyForDeploymentPostprocessing = 0;
			shellPath = /bin/sh;
			shellScript = "diff \"${PODS_PODFILE_DIR_PATH}/Podfile.lock\" \"${PODS_ROOT}/Manifest.lock\" > /dev/null\nif [ $? != 0 ] ; then\n    # print error to STDERR\n    echo \"error: The sandbox is not in sync with the Podfile.lock. Run 'pod install' or update your CocoaPods installation.\" >&2\n    exit 1\nfi\n# This output is used by Xcode 'outputs' to avoid re-running this script phase.\necho \"SUCCESS\" > \"${SCRIPT_OUTPUT_FILE_0}\"\n";
			showEnvVarsInLog = 0;
		};
		F1D9BD2BCE01B708CB2C1CAC /* [CP] Embed Pods Frameworks */ = {
			isa = PBXShellScriptBuildPhase;
			buildActionMask = 2147483647;
			files = (
			);
			inputFileListPaths = (
				"${PODS_ROOT}/Target Support Files/Pods-MoneyCount/Pods-MoneyCount-frameworks-${CONFIGURATION}-input-files.xcfilelist",
			);
			name = "[CP] Embed Pods Frameworks";
			outputFileListPaths = (
				"${PODS_ROOT}/Target Support Files/Pods-MoneyCount/Pods-MoneyCount-frameworks-${CONFIGURATION}-output-files.xcfilelist",
			);
			runOnlyForDeploymentPostprocessing = 0;
			shellPath = /bin/sh;
			shellScript = "\"${PODS_ROOT}/Target Support Files/Pods-MoneyCount/Pods-MoneyCount-frameworks.sh\"\n";
			showEnvVarsInLog = 0;
		};
/* End PBXShellScriptBuildPhase section */

/* Begin PBXSourcesBuildPhase section */
		326AB9132976EF46005EB02D /* Sources */ = {
			isa = PBXSourcesBuildPhase;
			buildActionMask = 2147483647;
			files = (
				32530EF6297D4F0700E1662A /* CustomCurrencyCell.swift in Sources */,
				32E0B216297ECA3000EA5A9D /* TextFieldCell.swift in Sources */,
				32748CA229830EEB002CCCB3 /* MainMoneyCountVC.swift in Sources */,
				32F8F882298144490043AED3 /* AddNamesCell.swift in Sources */,
				32E0B211297E8D2800EA5A9D /* CreateCountVC.swift in Sources */,
				327DD5E129910E83009FA313 /* CardExpense.swift in Sources */,
				326AB91F2976EF46005EB02D /* StartVC.swift in Sources */,
				32530EF8297D5BF500E1662A /* CurrencyModel.swift in Sources */,
				321CE50F29892EDB00C438CA /* AmountExpenseCell.swift in Sources */,
				32D45F0A298A8A1100AD6756 /* BalancesVC.swift in Sources */,
				32C16FBF29967DC600B4EBBE /* PresentationCell.swift in Sources */,
				327DD5E329910E94009FA313 /* CardExpenseCell.swift in Sources */,
				3287BE6E297A93B1001D3920 /* CustomMoneyCountCell.swift in Sources */,
				32C16FBC2996429C00B4EBBE /* PresentationVC.swift in Sources */,
				32737DFC29881CEE00819369 /* ExpensesCell.swift in Sources */,
				32F8F884298196940043AED3 /* NamesCell.swift in Sources */,
				326AB91B2976EF46005EB02D /* AppDelegate.swift in Sources */,
				32737DF82987F72A00819369 /* ExpensesVC.swift in Sources */,
				32AAD13D299E505F003106F5 /* MoneyCountModel.swift in Sources */,
				32DBBB64297C632200ECC129 /* SelectCurrencyViewController.swift in Sources */,
				327DD5E529913871009FA313 /* CustomHeader.swift in Sources */,
				32D45F0D298A9D4F00AD6756 /* BalacesCell.swift in Sources */,
				321CE50D2989285F00C438CA /* TitleExpenseCell.swift in Sources */,
				32E0B213297E9B5C00EA5A9D /* SelectCurrencyCell.swift in Sources */,
				32E0B2182980562400EA5A9D /* CreateMoneyCountEntity.swift in Sources */,
				321CE5152989331300C438CA /* AddExpenseEntity.swift in Sources */,
				32C16FC129968E6E00B4EBBE /* PresentationModel.swift in Sources */,
				326AB91D2976EF46005EB02D /* SceneDelegate.swift in Sources */,
				321CE5112989318E00C438CA /* DateExpenseCell.swift in Sources */,
				32AAD13A299E47E3003106F5 /* FireBaseService.swift in Sources */,
				321CE50A2989222600C438CA /* AddExpenseVC.swift in Sources */,
				321CE5132989328C00C438CA /* NamePaidCell.swift in Sources */,
			);
			runOnlyForDeploymentPostprocessing = 0;
		};
/* End PBXSourcesBuildPhase section */

/* Begin PBXVariantGroup section */
		326AB9252976EF48005EB02D /* LaunchScreen.storyboard */ = {
			isa = PBXVariantGroup;
			children = (
				326AB9262976EF48005EB02D /* Base */,
			);
			name = LaunchScreen.storyboard;
			sourceTree = "<group>";
		};
/* End PBXVariantGroup section */

/* Begin XCBuildConfiguration section */
		326AB9292976EF48005EB02D /* Debug */ = {
			isa = XCBuildConfiguration;
			buildSettings = {
				ALWAYS_SEARCH_USER_PATHS = NO;
				CLANG_ANALYZER_NONNULL = YES;
				CLANG_ANALYZER_NUMBER_OBJECT_CONVERSION = YES_AGGRESSIVE;
				CLANG_CXX_LANGUAGE_STANDARD = "gnu++20";
				CLANG_ENABLE_MODULES = YES;
				CLANG_ENABLE_OBJC_ARC = YES;
				CLANG_ENABLE_OBJC_WEAK = YES;
				CLANG_WARN_BLOCK_CAPTURE_AUTORELEASING = YES;
				CLANG_WARN_BOOL_CONVERSION = YES;
				CLANG_WARN_COMMA = YES;
				CLANG_WARN_CONSTANT_CONVERSION = YES;
				CLANG_WARN_DEPRECATED_OBJC_IMPLEMENTATIONS = YES;
				CLANG_WARN_DIRECT_OBJC_ISA_USAGE = YES_ERROR;
				CLANG_WARN_DOCUMENTATION_COMMENTS = YES;
				CLANG_WARN_EMPTY_BODY = YES;
				CLANG_WARN_ENUM_CONVERSION = YES;
				CLANG_WARN_INFINITE_RECURSION = YES;
				CLANG_WARN_INT_CONVERSION = YES;
				CLANG_WARN_NON_LITERAL_NULL_CONVERSION = YES;
				CLANG_WARN_OBJC_IMPLICIT_RETAIN_SELF = YES;
				CLANG_WARN_OBJC_LITERAL_CONVERSION = YES;
				CLANG_WARN_OBJC_ROOT_CLASS = YES_ERROR;
				CLANG_WARN_QUOTED_INCLUDE_IN_FRAMEWORK_HEADER = YES;
				CLANG_WARN_RANGE_LOOP_ANALYSIS = YES;
				CLANG_WARN_STRICT_PROTOTYPES = YES;
				CLANG_WARN_SUSPICIOUS_MOVE = YES;
				CLANG_WARN_UNGUARDED_AVAILABILITY = YES_AGGRESSIVE;
				CLANG_WARN_UNREACHABLE_CODE = YES;
				CLANG_WARN__DUPLICATE_METHOD_MATCH = YES;
				COPY_PHASE_STRIP = NO;
				DEBUG_INFORMATION_FORMAT = dwarf;
				ENABLE_STRICT_OBJC_MSGSEND = YES;
				ENABLE_TESTABILITY = YES;
				GCC_C_LANGUAGE_STANDARD = gnu11;
				GCC_DYNAMIC_NO_PIC = NO;
				GCC_NO_COMMON_BLOCKS = YES;
				GCC_OPTIMIZATION_LEVEL = 0;
				GCC_PREPROCESSOR_DEFINITIONS = (
					"DEBUG=1",
					"$(inherited)",
				);
				GCC_WARN_64_TO_32_BIT_CONVERSION = YES;
				GCC_WARN_ABOUT_RETURN_TYPE = YES_ERROR;
				GCC_WARN_UNDECLARED_SELECTOR = YES;
				GCC_WARN_UNINITIALIZED_AUTOS = YES_AGGRESSIVE;
				GCC_WARN_UNUSED_FUNCTION = YES;
				GCC_WARN_UNUSED_VARIABLE = YES;
				IPHONEOS_DEPLOYMENT_TARGET = 16.2;
				MTL_ENABLE_DEBUG_INFO = INCLUDE_SOURCE;
				MTL_FAST_MATH = YES;
				ONLY_ACTIVE_ARCH = YES;
				SDKROOT = iphoneos;
				SWIFT_ACTIVE_COMPILATION_CONDITIONS = DEBUG;
				SWIFT_OPTIMIZATION_LEVEL = "-Onone";
			};
			name = Debug;
		};
		326AB92A2976EF48005EB02D /* Release */ = {
			isa = XCBuildConfiguration;
			buildSettings = {
				ALWAYS_SEARCH_USER_PATHS = NO;
				CLANG_ANALYZER_NONNULL = YES;
				CLANG_ANALYZER_NUMBER_OBJECT_CONVERSION = YES_AGGRESSIVE;
				CLANG_CXX_LANGUAGE_STANDARD = "gnu++20";
				CLANG_ENABLE_MODULES = YES;
				CLANG_ENABLE_OBJC_ARC = YES;
				CLANG_ENABLE_OBJC_WEAK = YES;
				CLANG_WARN_BLOCK_CAPTURE_AUTORELEASING = YES;
				CLANG_WARN_BOOL_CONVERSION = YES;
				CLANG_WARN_COMMA = YES;
				CLANG_WARN_CONSTANT_CONVERSION = YES;
				CLANG_WARN_DEPRECATED_OBJC_IMPLEMENTATIONS = YES;
				CLANG_WARN_DIRECT_OBJC_ISA_USAGE = YES_ERROR;
				CLANG_WARN_DOCUMENTATION_COMMENTS = YES;
				CLANG_WARN_EMPTY_BODY = YES;
				CLANG_WARN_ENUM_CONVERSION = YES;
				CLANG_WARN_INFINITE_RECURSION = YES;
				CLANG_WARN_INT_CONVERSION = YES;
				CLANG_WARN_NON_LITERAL_NULL_CONVERSION = YES;
				CLANG_WARN_OBJC_IMPLICIT_RETAIN_SELF = YES;
				CLANG_WARN_OBJC_LITERAL_CONVERSION = YES;
				CLANG_WARN_OBJC_ROOT_CLASS = YES_ERROR;
				CLANG_WARN_QUOTED_INCLUDE_IN_FRAMEWORK_HEADER = YES;
				CLANG_WARN_RANGE_LOOP_ANALYSIS = YES;
				CLANG_WARN_STRICT_PROTOTYPES = YES;
				CLANG_WARN_SUSPICIOUS_MOVE = YES;
				CLANG_WARN_UNGUARDED_AVAILABILITY = YES_AGGRESSIVE;
				CLANG_WARN_UNREACHABLE_CODE = YES;
				CLANG_WARN__DUPLICATE_METHOD_MATCH = YES;
				COPY_PHASE_STRIP = NO;
				DEBUG_INFORMATION_FORMAT = "dwarf-with-dsym";
				ENABLE_NS_ASSERTIONS = NO;
				ENABLE_STRICT_OBJC_MSGSEND = YES;
				GCC_C_LANGUAGE_STANDARD = gnu11;
				GCC_NO_COMMON_BLOCKS = YES;
				GCC_WARN_64_TO_32_BIT_CONVERSION = YES;
				GCC_WARN_ABOUT_RETURN_TYPE = YES_ERROR;
				GCC_WARN_UNDECLARED_SELECTOR = YES;
				GCC_WARN_UNINITIALIZED_AUTOS = YES_AGGRESSIVE;
				GCC_WARN_UNUSED_FUNCTION = YES;
				GCC_WARN_UNUSED_VARIABLE = YES;
				IPHONEOS_DEPLOYMENT_TARGET = 16.2;
				MTL_ENABLE_DEBUG_INFO = NO;
				MTL_FAST_MATH = YES;
				SDKROOT = iphoneos;
				SWIFT_COMPILATION_MODE = wholemodule;
				SWIFT_OPTIMIZATION_LEVEL = "-O";
				VALIDATE_PRODUCT = YES;
			};
			name = Release;
		};
		326AB92C2976EF48005EB02D /* Debug */ = {
			isa = XCBuildConfiguration;
			baseConfigurationReference = 7EBCBFD172C6F682AE7A5777 /* Pods-MoneyCount.debug.xcconfig */;
			buildSettings = {
				ASSETCATALOG_COMPILER_APPICON_NAME = AppIcon;
				ASSETCATALOG_COMPILER_GLOBAL_ACCENT_COLOR_NAME = AccentColor;
				CODE_SIGN_STYLE = Automatic;
				CURRENT_PROJECT_VERSION = 1;
				DEVELOPMENT_TEAM = YV72SAKGKB;
				GENERATE_INFOPLIST_FILE = YES;
				INFOPLIST_FILE = MoneyCount/Info.plist;
				INFOPLIST_KEY_UIApplicationSupportsIndirectInputEvents = YES;
				INFOPLIST_KEY_UILaunchStoryboardName = LaunchScreen;
				INFOPLIST_KEY_UISupportedInterfaceOrientations = UIInterfaceOrientationPortrait;
				IPHONEOS_DEPLOYMENT_TARGET = 15.0;
				LD_RUNPATH_SEARCH_PATHS = (
					"$(inherited)",
					"@executable_path/Frameworks",
				);
				MARKETING_VERSION = 1.0;
				PRODUCT_BUNDLE_IDENTIFIER = "Alexey-Statiev.MoneyCount";
				PRODUCT_NAME = "$(TARGET_NAME)";
				SUPPORTED_PLATFORMS = "iphoneos iphonesimulator";
				SUPPORTS_MACCATALYST = NO;
				SUPPORTS_MAC_DESIGNED_FOR_IPHONE_IPAD = NO;
				SWIFT_EMIT_LOC_STRINGS = YES;
				SWIFT_VERSION = 5.0;
				TARGETED_DEVICE_FAMILY = 1;
			};
			name = Debug;
		};
		326AB92D2976EF48005EB02D /* Release */ = {
			isa = XCBuildConfiguration;
			baseConfigurationReference = DF64B6F420D590325C77F157 /* Pods-MoneyCount.release.xcconfig */;
			buildSettings = {
				ASSETCATALOG_COMPILER_APPICON_NAME = AppIcon;
				ASSETCATALOG_COMPILER_GLOBAL_ACCENT_COLOR_NAME = AccentColor;
				CODE_SIGN_STYLE = Automatic;
				CURRENT_PROJECT_VERSION = 1;
				DEVELOPMENT_TEAM = YV72SAKGKB;
				GENERATE_INFOPLIST_FILE = YES;
				INFOPLIST_FILE = MoneyCount/Info.plist;
				INFOPLIST_KEY_UIApplicationSupportsIndirectInputEvents = YES;
				INFOPLIST_KEY_UILaunchStoryboardName = LaunchScreen;
				INFOPLIST_KEY_UISupportedInterfaceOrientations = UIInterfaceOrientationPortrait;
				IPHONEOS_DEPLOYMENT_TARGET = 15.0;
				LD_RUNPATH_SEARCH_PATHS = (
					"$(inherited)",
					"@executable_path/Frameworks",
				);
				MARKETING_VERSION = 1.0;
				PRODUCT_BUNDLE_IDENTIFIER = "Alexey-Statiev.MoneyCount";
				PRODUCT_NAME = "$(TARGET_NAME)";
				SUPPORTED_PLATFORMS = "iphoneos iphonesimulator";
				SUPPORTS_MACCATALYST = NO;
				SUPPORTS_MAC_DESIGNED_FOR_IPHONE_IPAD = NO;
				SWIFT_EMIT_LOC_STRINGS = YES;
				SWIFT_VERSION = 5.0;
				TARGETED_DEVICE_FAMILY = 1;
			};
			name = Release;
		};
/* End XCBuildConfiguration section */

/* Begin XCConfigurationList section */
		326AB9122976EF46005EB02D /* Build configuration list for PBXProject "MoneyCount" */ = {
			isa = XCConfigurationList;
			buildConfigurations = (
				326AB9292976EF48005EB02D /* Debug */,
				326AB92A2976EF48005EB02D /* Release */,
			);
			defaultConfigurationIsVisible = 0;
			defaultConfigurationName = Release;
		};
		326AB92B2976EF48005EB02D /* Build configuration list for PBXNativeTarget "MoneyCount" */ = {
			isa = XCConfigurationList;
			buildConfigurations = (
				326AB92C2976EF48005EB02D /* Debug */,
				326AB92D2976EF48005EB02D /* Release */,
			);
			defaultConfigurationIsVisible = 0;
			defaultConfigurationName = Release;
		};
/* End XCConfigurationList section */
	};
	rootObject = 326AB90F2976EF46005EB02D /* Project object */;
}
